
Microsoft Visual Studio Solution File, Format Version 12.00
# Visual Studio 15
VisualStudioVersion = 15.0.27428.2002
MinimumVisualStudioVersion = 10.0.40219.1
Project("{FAE04EC0-301F-11D3-BF4B-00C04F79EFBC}") = "AlienIsolationAudioExtractor", "AlienIsolationAudioParser\AlienIsolationAudioExtractor.csproj", "{BE6190D0-2DB2-45A9-B480-EA49BC755AA2}"
EndProject
Global
	GlobalSection(SolutionConfigurationPlatforms) = preSolution
		Debug|Any CPU = Debug|Any CPU
		Release|Any CPU = Release|Any CPU
	EndGlobalSection
	GlobalSection(ProjectConfigurationPlatforms) = postSolution
		{BE6190D0-2DB2-45A9-B480-EA49BC755AA2}.Debug|Any CPU.ActiveCfg = Debug|Any CPU
		{BE6190D0-2DB2-45A9-B480-EA49BC755AA2}.Debug|Any CPU.Build.0 = Debug|Any CPU
		{BE6190D0-2DB2-45A9-B480-EA49BC755AA2}.Release|Any CPU.ActiveCfg = Release|Any CPU
		{BE6190D0-2DB2-45A9-B480-EA49BC755AA2}.Release|Any CPU.Build.0 = Release|Any CPU
	EndGlobalSection
	GlobalSection(SolutionProperties) = preSolution
		HideSolutionNode = FALSE
	EndGlobalSection
	GlobalSection(ExtensibilityGlobals) = postSolution
		SolutionGuid = {738B5B94-8813-455F-9BE1-E60C0DB93EBA}
	EndGlobalSection
EndGlobal
